
Microsoft Visual Studio Solution File, Format Version 12.00
# Visual Studio Version 17
VisualStudioVersion = 17.14.37203.1
MinimumVisualStudioVersion = 10.0.40219.1
Project("{8BC9CEB8-8B4A-11D0-8D11-00A0C91BC942}") = "2.0_整数四则运算", "翁恺c语言练习题\翁恺c语言练习题.vcxproj", "{E846D12F-B718-4F62-97E3-91270F22CC21}"
EndProject
Project("{8BC9CEB8-8B4A-11D0-8D11-00A0C91BC942}") = "2.1_厘米换算英尺英寸", "2.1_厘米换算英尺英寸\2.1_厘米换算英尺英寸.vcxproj", "{600A11DD-B0FE-400B-AD29-B255C908B045}"
EndProject
Project("{8BC9CEB8-8B4A-11D0-8D11-00A0C91BC942}") = "2.2_然后是几点", "2.2_然后是几点\2.2_然后是几点.vcxproj", "{6640E4FE-6BD0-4933-9435-3E415CCBCAA8}"
EndProject
Project("{8BC9CEB8-8B4A-11D0-8D11-00A0C91BC942}") = "2.3_逆序的三位数", "2.3_逆序的三位数\2.3_逆序的三位数.vcxproj", "{8E65ED69-FDFD-4168-AA05-54416582DC81}"
EndProject
Project("{8BC9CEB8-8B4A-11D0-8D11-00A0C91BC942}") = "2.4_十六进制", "2.4\2.4.vcxproj", "{1AE59D46-35B9-4315-ABB1-7DD15B30FFC5}"
EndProject
Project("{8BC9CEB8-8B4A-11D0-8D11-00A0C91BC942}") = "3.0", "3.0\3.0.vcxproj", "{3A1E45FC-0713-494B-A8EA-D5706DC1CDD7}"
EndProject
Project("{8BC9CEB8-8B4A-11D0-8D11-00A0C91BC942}") = "3.1", "3.1\3.1.vcxproj", "{7DA92B0A-7474-4A0C-A01B-F88A019A62A7}"
EndProject
Project("{8BC9CEB8-8B4A-11D0-8D11-00A0C91BC942}") = "3.2", "3.2\3.2.vcxproj", "{E887AFD9-6705-4651-808F-7E60D399FE09}"
EndProject
Project("{8BC9CEB8-8B4A-11D0-8D11-00A0C91BC942}") = "3.3", "3.3\3.3.vcxproj", "{992A26C1-32BC-4448-A55A-BA7CF733FD6E}"
EndProject
Project("{8BC9CEB8-8B4A-11D0-8D11-00A0C91BC942}") = "3.4", "3.4\3.4.vcxproj", "{EB4836FC-124D-4093-B8B3-1014E899F0E9}"
EndProject
Project("{8BC9CEB8-8B4A-11D0-8D11-00A0C91BC942}") = "4.0", "4.0\4.0.vcxproj", "{DD32344D-940E-4203-BD70-156604DB1281}"
EndProject
Project("{8BC9CEB8-8B4A-11D0-8D11-00A0C91BC942}") = "4.1", "4.1\4.1.vcxproj", "{B8A170DC-5288-4796-91D2-1186ED74A5AC}"
EndProject
Global
	GlobalSection(SolutionConfigurationPlatforms) = preSolution
		Debug|x64 = Debug|x64
		Debug|x86 = Debug|x86
		Release|x64 = Release|x64
		Release|x86 = Release|x86
	EndGlobalSection
	GlobalSection(ProjectConfigurationPlatforms) = postSolution
		{E846D12F-B718-4F62-97E3-91270F22CC21}.Debug|x64.ActiveCfg = Debug|x64
		{E846D12F-B718-4F62-97E3-91270F22CC21}.Debug|x64.Build.0 = Debug|x64
		{E846D12F-B718-4F62-97E3-91270F22CC21}.Debug|x86.ActiveCfg = Debug|Win32
		{E846D12F-B718-4F62-97E3-91270F22CC21}.Debug|x86.Build.0 = Debug|Win32
		{E846D12F-B718-4F62-97E3-91270F22CC21}.Release|x64.ActiveCfg = Release|x64
		{E846D12F-B718-4F62-97E3-91270F22CC21}.Release|x64.Build.0 = Release|x64
		{E846D12F-B718-4F62-97E3-91270F22CC21}.Release|x86.ActiveCfg = Release|Win32
		{E846D12F-B718-4F62-97E3-91270F22CC21}.Release|x86.Build.0 = Release|Win32
		{600A11DD-B0FE-400B-AD29-B255C908B045}.Debug|x64.ActiveCfg = Debug|x64
		{600A11DD-B0FE-400B-AD29-B255C908B045}.Debug|x64.Build.0 = Debug|x64
		{600A11DD-B0FE-400B-AD29-B255C908B045}.Debug|x86.ActiveCfg = Debug|Win32
		{600A11DD-B0FE-400B-AD29-B255C908B045}.Debug|x86.Build.0 = Debug|Win32
		{600A11DD-B0FE-400B-AD29-B255C908B045}.Release|x64.ActiveCfg = Release|x64
		{600A11DD-B0FE-400B-AD29-B255C908B045}.Release|x64.Build.0 = Release|x64
		{600A11DD-B0FE-400B-AD29-B255C908B045}.Release|x86.ActiveCfg = Release|Win32
		{600A11DD-B0FE-400B-AD29-B255C908B045}.Release|x86.Build.0 = Release|Win32
		{6640E4FE-6BD0-4933-9435-3E415CCBCAA8}.Debug|x64.ActiveCfg = Debug|x64
		{6640E4FE-6BD0-4933-9435-3E415CCBCAA8}.Debug|x64.Build.0 = Debug|x64
		{6640E4FE-6BD0-4933-9435-3E415CCBCAA8}.Debug|x86.ActiveCfg = Debug|Win32
		{6640E4FE-6BD0-4933-9435-3E415CCBCAA8}.Debug|x86.Build.0 = Debug|Win32
		{6640E4FE-6BD0-4933-9435-3E415CCBCAA8}.Release|x64.ActiveCfg = Release|x64
		{6640E4FE-6BD0-4933-9435-3E415CCBCAA8}.Release|x64.Build.0 = Release|x64
		{6640E4FE-6BD0-4933-9435-3E415CCBCAA8}.Release|x86.ActiveCfg = Release|Win32
		{6640E4FE-6BD0-4933-9435-3E415CCBCAA8}.Release|x86.Build.0 = Release|Win32
		{8E65ED69-FDFD-4168-AA05-54416582DC81}.Debug|x64.ActiveCfg = Debug|x64
		{8E65ED69-FDFD-4168-AA05-54416582DC81}.Debug|x64.Build.0 = Debug|x64
		{8E65ED69-FDFD-4168-AA05-54416582DC81}.Debug|x86.ActiveCfg = Debug|Win32
		{8E65ED69-FDFD-4168-AA05-54416582DC81}.Debug|x86.Build.0 = Debug|Win32
		{8E65ED69-FDFD-4168-AA05-54416582DC81}.Release|x64.ActiveCfg = Release|x64
		{8E65ED69-FDFD-4168-AA05-54416582DC81}.Release|x64.Build.0 = Release|x64
		{8E65ED69-FDFD-4168-AA05-54416582DC81}.Release|x86.ActiveCfg = Release|Win32
		{8E65ED69-FDFD-4168-AA05-54416582DC81}.Release|x86.Build.0 = Release|Win32
		{1AE59D46-35B9-4315-ABB1-7DD15B30FFC5}.Debug|x64.ActiveCfg = Debug|x64
		{1AE59D46-35B9-4315-ABB1-7DD15B30FFC5}.Debug|x64.Build.0 = Debug|x64
		{1AE59D46-35B9-4315-ABB1-7DD15B30FFC5}.Debug|x86.ActiveCfg = Debug|Win32
		{1AE59D46-35B9-4315-ABB1-7DD15B30FFC5}.Debug|x86.Build.0 = Debug|Win32
		{1AE59D46-35B9-4315-ABB1-7DD15B30FFC5}.Release|x64.ActiveCfg = Release|x64
		{1AE59D46-35B9-4315-ABB1-7DD15B30FFC5}.Release|x64.Build.0 = Release|x64
		{1AE59D46-35B9-4315-ABB1-7DD15B30FFC5}.Release|x86.ActiveCfg = Release|Win32
		{1AE59D46-35B9-4315-ABB1-7DD15B30FFC5}.Release|x86.Build.0 = Release|Win32
		{3A1E45FC-0713-494B-A8EA-D5706DC1CDD7}.Debug|x64.ActiveCfg = Debug|x64
		{3A1E45FC-0713-494B-A8EA-D5706DC1CDD7}.Debug|x64.Build.0 = Debug|x64
		{3A1E45FC-0713-494B-A8EA-D5706DC1CDD7}.Debug|x86.ActiveCfg = Debug|Win32
		{3A1E45FC-0713-494B-A8EA-D5706DC1CDD7}.Debug|x86.Build.0 = Debug|Win32
		{3A1E45FC-0713-494B-A8EA-D5706DC1CDD7}.Release|x64.ActiveCfg = Release|x64
		{3A1E45FC-0713-494B-A8EA-D5706DC1CDD7}.Release|x64.Build.0 = Release|x64
		{3A1E45FC-0713-494B-A8EA-D5706DC1CDD7}.Release|x86.ActiveCfg = Release|Win32
		{3A1E45FC-0713-494B-A8EA-D5706DC1CDD7}.Release|x86.Build.0 = Release|Win32
		{7DA92B0A-7474-4A0C-A01B-F88A019A62A7}.Debug|x64.ActiveCfg = Debug|x64
		{7DA92B0A-7474-4A0C-A01B-F88A019A62A7}.Debug|x64.Build.0 = Debug|x64
		{7DA92B0A-7474-4A0C-A01B-F88A019A62A7}.Debug|x86.ActiveCfg = Debug|Win32
		{7DA92B0A-7474-4A0C-A01B-F88A019A62A7}.Debug|x86.Build.0 = Debug|Win32
		{7DA92B0A-7474-4A0C-A01B-F88A019A62A7}.Release|x64.ActiveCfg = Release|x64
		{7DA92B0A-7474-4A0C-A01B-F88A019A62A7}.Release|x64.Build.0 = Release|x64
		{7DA92B0A-7474-4A0C-A01B-F88A019A62A7}.Release|x86.ActiveCfg = Release|Win32
		{7DA92B0A-7474-4A0C-A01B-F88A019A62A7}.Release|x86.Build.0 = Release|Win32
		{E887AFD9-6705-4651-808F-7E60D399FE09}.Debug|x64.ActiveCfg = Debug|x64
		{E887AFD9-6705-4651-808F-7E60D399FE09}.Debug|x64.Build.0 = Debug|x64
		{E887AFD9-6705-4651-808F-7E60D399FE09}.Debug|x86.ActiveCfg = Debug|Win32
		{E887AFD9-6705-4651-808F-7E60D399FE09}.Debug|x86.Build.0 = Debug|Win32
		{E887AFD9-6705-4651-808F-7E60D399FE09}.Release|x64.ActiveCfg = Release|x64
		{E887AFD9-6705-4651-808F-7E60D399FE09}.Release|x64.Build.0 = Release|x64
		{E887AFD9-6705-4651-808F-7E60D399FE09}.Release|x86.ActiveCfg = Release|Win32
		{E887AFD9-6705-4651-808F-7E60D399FE09}.Release|x86.Build.0 = Release|Win32
		{992A26C1-32BC-4448-A55A-BA7CF733FD6E}.Debug|x64.ActiveCfg = Debug|x64
		{992A26C1-32BC-4448-A55A-BA7CF733FD6E}.Debug|x64.Build.0 = Debug|x64
		{992A26C1-32BC-4448-A55A-BA7CF733FD6E}.Debug|x86.ActiveCfg = Debug|Win32
		{992A26C1-32BC-4448-A55A-BA7CF733FD6E}.Debug|x86.Build.0 = Debug|Win32
		{992A26C1-32BC-4448-A55A-BA7CF733FD6E}.Release|x64.ActiveCfg = Release|x64
		{992A26C1-32BC-4448-A55A-BA7CF733FD6E}.Release|x64.Build.0 = Release|x64
		{992A26C1-32BC-4448-A55A-BA7CF733FD6E}.Release|x86.ActiveCfg = Release|Win32
		{992A26C1-32BC-4448-A55A-BA7CF733FD6E}.Release|x86.Build.0 = Release|Win32
		{EB4836FC-124D-4093-B8B3-1014E899F0E9}.Debug|x64.ActiveCfg = Debug|x64
		{EB4836FC-124D-4093-B8B3-1014E899F0E9}.Debug|x64.Build.0 = Debug|x64
		{EB4836FC-124D-4093-B8B3-1014E899F0E9}.Debug|x86.ActiveCfg = Debug|Win32
		{EB4836FC-124D-4093-B8B3-1014E899F0E9}.Debug|x86.Build.0 = Debug|Win32
		{EB4836FC-124D-4093-B8B3-1014E899F0E9}.Release|x64.ActiveCfg = Release|x64
		{EB4836FC-124D-4093-B8B3-1014E899F0E9}.Release|x64.Build.0 = Release|x64
		{EB4836FC-124D-4093-B8B3-1014E899F0E9}.Release|x86.ActiveCfg = Release|Win32
		{EB4836FC-124D-4093-B8B3-1014E899F0E9}.Release|x86.Build.0 = Release|Win32
		{DD32344D-940E-4203-BD70-156604DB1281}.Debug|x64.ActiveCfg = Debug|x64
		{DD32344D-940E-4203-BD70-156604DB1281}.Debug|x64.Build.0 = Debug|x64
		{DD32344D-940E-4203-BD70-156604DB1281}.Debug|x86.ActiveCfg = Debug|Win32
		{DD32344D-940E-4203-BD70-156604DB1281}.Debug|x86.Build.0 = Debug|Win32
		{DD32344D-940E-4203-BD70-156604DB1281}.Release|x64.ActiveCfg = Release|x64
		{DD32344D-940E-4203-BD70-156604DB1281}.Release|x64.Build.0 = Release|x64
		{DD32344D-940E-4203-BD70-156604DB1281}.Release|x86.ActiveCfg = Release|Win32
		{DD32344D-940E-4203-BD70-156604DB1281}.Release|x86.Build.0 = Release|Win32
		{B8A170DC-5288-4796-91D2-1186ED74A5AC}.Debug|x64.ActiveCfg = Debug|x64
		{B8A170DC-5288-4796-91D2-1186ED74A5AC}.Debug|x64.Build.0 = Debug|x64
		{B8A170DC-5288-4796-91D2-1186ED74A5AC}.Debug|x86.ActiveCfg = Debug|Win32
		{B8A170DC-5288-4796-91D2-1186ED74A5AC}.Debug|x86.Build.0 = Debug|Win32
		{B8A170DC-5288-4796-91D2-1186ED74A5AC}.Release|x64.ActiveCfg = Release|x64
		{B8A170DC-5288-4796-91D2-1186ED74A5AC}.Release|x64.Build.0 = Release|x64
		{B8A170DC-5288-4796-91D2-1186ED74A5AC}.Release|x86.ActiveCfg = Release|Win32
		{B8A170DC-5288-4796-91D2-1186ED74A5AC}.Release|x86.Build.0 = Release|Win32
	EndGlobalSection
	GlobalSection(SolutionProperties) = preSolution
		HideSolutionNode = FALSE
	EndGlobalSection
	GlobalSection(ExtensibilityGlobals) = postSolution
		SolutionGuid = {FEE65B09-3833-479B-B2ED-EA82C690A0D9}
	EndGlobalSection
EndGlobal
